{
  "name": "birthday",
  "version": "1.0.0",
  "lockfileVersion": 3,
  "requires": true,
  "packages": {
    "": {
      "name": "birthday",
      "version": "1.0.0",
      "license": "WTFPL",
      "dependencies": {
        "birthday": "file:"
      }
    },
    "node_modules/birthday": {
      "resolved": "",
      "link": true
    }
  }
}
